
Microsoft Visual Studio Solution File, Format Version 12.00
# Visual Studio Version 17
VisualStudioVersion = 17.7.34202.233
MinimumVisualStudioVersion = 10.0.40219.1
Project("{9A19103F-16F7-4668-BE54-9A1E7A4F7556}") = "FlexibleQuery", "FlexibleQuery.csproj", "{F6201421-1197-4A64-A022-3B3DF8FF4357}"
EndProject
Project("{9A19103F-16F7-4668-BE54-9A1E7A4F7556}") = "Experimental", "..\Experimental\Experimental.csproj", "{B805758C-791C-42F1-8F48-3C3D884B76F8}"
EndProject
Project("{2150E333-8FDC-42A3-9474-1A3956D46DE8}") = "Lib", "Lib", "{DC40ED3B-B3DA-482D-8D39-2B41FF015B56}"
	ProjectSection(SolutionItems) = preProject
		FlexibleQuery.js = FlexibleQuery.js
	EndProjectSection
EndProject
Global
	GlobalSection(SolutionConfigurationPlatforms) = preSolution
		Debug|Any CPU = Debug|Any CPU
		Release|Any CPU = Release|Any CPU
	EndGlobalSection
	GlobalSection(ProjectConfigurationPlatforms) = postSolution
		{F6201421-1197-4A64-A022-3B3DF8FF4357}.Debug|Any CPU.ActiveCfg = Debug|Any CPU
		{F6201421-1197-4A64-A022-3B3DF8FF4357}.Debug|Any CPU.Build.0 = Debug|Any CPU
		{F6201421-1197-4A64-A022-3B3DF8FF4357}.Release|Any CPU.ActiveCfg = Release|Any CPU
		{F6201421-1197-4A64-A022-3B3DF8FF4357}.Release|Any CPU.Build.0 = Release|Any CPU
		{B805758C-791C-42F1-8F48-3C3D884B76F8}.Debug|Any CPU.ActiveCfg = Debug|Any CPU
		{B805758C-791C-42F1-8F48-3C3D884B76F8}.Debug|Any CPU.Build.0 = Debug|Any CPU
		{B805758C-791C-42F1-8F48-3C3D884B76F8}.Release|Any CPU.ActiveCfg = Release|Any CPU
		{B805758C-791C-42F1-8F48-3C3D884B76F8}.Release|Any CPU.Build.0 = Release|Any CPU
	EndGlobalSection
	GlobalSection(SolutionProperties) = preSolution
		HideSolutionNode = FALSE
	EndGlobalSection
	GlobalSection(ExtensibilityGlobals) = postSolution
		SolutionGuid = {549C5AAE-6127-4CD5-B6B4-75FB2E2FC981}
	EndGlobalSection
EndGlobal
