
Microsoft Visual Studio Solution File, Format Version 12.00
# Visual Studio Version 17
VisualStudioVersion = 17.7.34202.233
MinimumVisualStudioVersion = 10.0.40219.1
Project("{2150E333-8FDC-42A3-9474-1A3956D46DE8}") = "Lib", "Lib", "{DC40ED3B-B3DA-482D-8D39-2B41FF015B56}"
	ProjectSection(SolutionItems) = preProject
		FlexibleQuery.js = FlexibleQuery.js
	EndProjectSection
EndProject
Project("{9A19103F-16F7-4668-BE54-9A1E7A4F7556}") = "Sample", "..\Sample\Sample.csproj", "{3E5FC104-6360-4492-94A1-E0A227D9F5AB}"
EndProject
Project("{9A19103F-16F7-4668-BE54-9A1E7A4F7556}") = "Shq", "Flexible\Shq.csproj", "{836E4392-8B8F-4041-843F-73584DF939EB}"
EndProject
Global
	GlobalSection(SolutionConfigurationPlatforms) = preSolution
		Debug|Any CPU = Debug|Any CPU
		Release|Any CPU = Release|Any CPU
	EndGlobalSection
	GlobalSection(ProjectConfigurationPlatforms) = postSolution
		{3E5FC104-6360-4492-94A1-E0A227D9F5AB}.Debug|Any CPU.ActiveCfg = Debug|Any CPU
		{3E5FC104-6360-4492-94A1-E0A227D9F5AB}.Debug|Any CPU.Build.0 = Debug|Any CPU
		{3E5FC104-6360-4492-94A1-E0A227D9F5AB}.Release|Any CPU.ActiveCfg = Release|Any CPU
		{3E5FC104-6360-4492-94A1-E0A227D9F5AB}.Release|Any CPU.Build.0 = Release|Any CPU
		{836E4392-8B8F-4041-843F-73584DF939EB}.Debug|Any CPU.ActiveCfg = Debug|Any CPU
		{836E4392-8B8F-4041-843F-73584DF939EB}.Debug|Any CPU.Build.0 = Debug|Any CPU
		{836E4392-8B8F-4041-843F-73584DF939EB}.Release|Any CPU.ActiveCfg = Release|Any CPU
		{836E4392-8B8F-4041-843F-73584DF939EB}.Release|Any CPU.Build.0 = Release|Any CPU
	EndGlobalSection
	GlobalSection(SolutionProperties) = preSolution
		HideSolutionNode = FALSE
	EndGlobalSection
	GlobalSection(ExtensibilityGlobals) = postSolution
		SolutionGuid = {549C5AAE-6127-4CD5-B6B4-75FB2E2FC981}
	EndGlobalSection
EndGlobal
